
Microsoft Visual Studio Solution File, Format Version 12.00
# Visual Studio 15
VisualStudioVersion = 15.0.28307.421
MinimumVisualStudioVersion = 10.0.40219.1
Project("{FAE04EC0-301F-11D3-BF4B-00C04F79EFBC}") = "QuanLySinhVien", "QuanLySinhVien\QuanLySinhVien.csproj", "{8E95078A-03C6-49CE-9C1E-32F9D4D55828}"
EndProject
Global
	GlobalSection(SolutionConfigurationPlatforms) = preSolution
		Debug|Any CPU = Debug|Any CPU
		Release|Any CPU = Release|Any CPU
	EndGlobalSection
	GlobalSection(ProjectConfigurationPlatforms) = postSolution
		{8E95078A-03C6-49CE-9C1E-32F9D4D55828}.Debug|Any CPU.ActiveCfg = Debug|Any CPU
		{8E95078A-03C6-49CE-9C1E-32F9D4D55828}.Debug|Any CPU.Build.0 = Debug|Any CPU
		{8E95078A-03C6-49CE-9C1E-32F9D4D55828}.Release|Any CPU.ActiveCfg = Release|Any CPU
		{8E95078A-03C6-49CE-9C1E-32F9D4D55828}.Release|Any CPU.Build.0 = Release|Any CPU
	EndGlobalSection
	GlobalSection(SolutionProperties) = preSolution
		HideSolutionNode = FALSE
	EndGlobalSection
	GlobalSection(ExtensibilityGlobals) = postSolution
		SolutionGuid = {843408C4-C09C-42F4-9D29-EE4071F375E7}
	EndGlobalSection
EndGlobal
